
Microsoft Visual Studio Solution File, Format Version 12.00
# Visual Studio Version 17
VisualStudioVersion = 17.0.32014.148
MinimumVisualStudioVersion = 10.0.40219.1
Project("{FAE04EC0-301F-11D3-BF4B-00C04F79EFBC}") = "ConsoleApp1", "ConsoleApp1\ConsoleApp1.csproj", "{A367B7FF-E317-457A-A589-0BF1B3B84B10}"
EndProject
Global
	GlobalSection(SolutionConfigurationPlatforms) = preSolution
		Debug|Any CPU = Debug|Any CPU
		Release|Any CPU = Release|Any CPU
	EndGlobalSection
	GlobalSection(ProjectConfigurationPlatforms) = postSolution
		{A367B7FF-E317-457A-A589-0BF1B3B84B10}.Debug|Any CPU.ActiveCfg = Debug|Any CPU
		{A367B7FF-E317-457A-A589-0BF1B3B84B10}.Debug|Any CPU.Build.0 = Debug|Any CPU
		{A367B7FF-E317-457A-A589-0BF1B3B84B10}.Release|Any CPU.ActiveCfg = Release|Any CPU
		{A367B7FF-E317-457A-A589-0BF1B3B84B10}.Release|Any CPU.Build.0 = Release|Any CPU
	EndGlobalSection
	GlobalSection(SolutionProperties) = preSolution
		HideSolutionNode = FALSE
	EndGlobalSection
	GlobalSection(ExtensibilityGlobals) = postSolution
		SolutionGuid = {F9176B97-883B-4774-A01F-A687599E24A6}
	EndGlobalSection
EndGlobal
